
Microsoft Visual Studio Solution File, Format Version 12.00
# Visual Studio 15
VisualStudioVersion = 15.0.27130.2010
MinimumVisualStudioVersion = 10.0.40219.1
Project("{FAE04EC0-301F-11D3-BF4B-00C04F79EFBC}") = "Comics", "Comics\Comics.csproj", "{E5EC99FB-CE2A-4485-912F-FD073AB96542}"
EndProject
Project("{FAE04EC0-301F-11D3-BF4B-00C04F79EFBC}") = "ApiComics", "ApiComics\ApiComics.csproj", "{C3A47F3E-F796-459E-845F-D01A67EDC26C}"
EndProject
Project("{FAE04EC0-301F-11D3-BF4B-00C04F79EFBC}") = "Modelos", "Models\Modelos.csproj", "{255D1D2D-1935-43EF-96EA-66BB2FE12495}"
EndProject
Project("{FAE04EC0-301F-11D3-BF4B-00C04F79EFBC}") = "Contratos", "Contrats\Contratos.csproj", "{E8AA474B-3894-4C9E-96A4-582EDE15086F}"
EndProject
Project("{FAE04EC0-301F-11D3-BF4B-00C04F79EFBC}") = "Negocios", "Busisnes\Negocios.csproj", "{B905F459-5511-4022-BF2A-76A54F107C00}"
EndProject
Global
	GlobalSection(SolutionConfigurationPlatforms) = preSolution
		Debug|Any CPU = Debug|Any CPU
		Release|Any CPU = Release|Any CPU
	EndGlobalSection
	GlobalSection(ProjectConfigurationPlatforms) = postSolution
		{E5EC99FB-CE2A-4485-912F-FD073AB96542}.Debug|Any CPU.ActiveCfg = Debug|Any CPU
		{E5EC99FB-CE2A-4485-912F-FD073AB96542}.Debug|Any CPU.Build.0 = Debug|Any CPU
		{E5EC99FB-CE2A-4485-912F-FD073AB96542}.Release|Any CPU.ActiveCfg = Release|Any CPU
		{E5EC99FB-CE2A-4485-912F-FD073AB96542}.Release|Any CPU.Build.0 = Release|Any CPU
		{C3A47F3E-F796-459E-845F-D01A67EDC26C}.Debug|Any CPU.ActiveCfg = Debug|Any CPU
		{C3A47F3E-F796-459E-845F-D01A67EDC26C}.Debug|Any CPU.Build.0 = Debug|Any CPU
		{C3A47F3E-F796-459E-845F-D01A67EDC26C}.Release|Any CPU.ActiveCfg = Release|Any CPU
		{C3A47F3E-F796-459E-845F-D01A67EDC26C}.Release|Any CPU.Build.0 = Release|Any CPU
		{255D1D2D-1935-43EF-96EA-66BB2FE12495}.Debug|Any CPU.ActiveCfg = Debug|Any CPU
		{255D1D2D-1935-43EF-96EA-66BB2FE12495}.Debug|Any CPU.Build.0 = Debug|Any CPU
		{255D1D2D-1935-43EF-96EA-66BB2FE12495}.Release|Any CPU.ActiveCfg = Release|Any CPU
		{255D1D2D-1935-43EF-96EA-66BB2FE12495}.Release|Any CPU.Build.0 = Release|Any CPU
		{E8AA474B-3894-4C9E-96A4-582EDE15086F}.Debug|Any CPU.ActiveCfg = Debug|Any CPU
		{E8AA474B-3894-4C9E-96A4-582EDE15086F}.Debug|Any CPU.Build.0 = Debug|Any CPU
		{E8AA474B-3894-4C9E-96A4-582EDE15086F}.Release|Any CPU.ActiveCfg = Release|Any CPU
		{E8AA474B-3894-4C9E-96A4-582EDE15086F}.Release|Any CPU.Build.0 = Release|Any CPU
		{B905F459-5511-4022-BF2A-76A54F107C00}.Debug|Any CPU.ActiveCfg = Debug|Any CPU
		{B905F459-5511-4022-BF2A-76A54F107C00}.Debug|Any CPU.Build.0 = Debug|Any CPU
		{B905F459-5511-4022-BF2A-76A54F107C00}.Release|Any CPU.ActiveCfg = Release|Any CPU
		{B905F459-5511-4022-BF2A-76A54F107C00}.Release|Any CPU.Build.0 = Release|Any CPU
	EndGlobalSection
	GlobalSection(SolutionProperties) = preSolution
		HideSolutionNode = FALSE
	EndGlobalSection
	GlobalSection(ExtensibilityGlobals) = postSolution
		SolutionGuid = {369EED21-506C-4D47-BD4B-61448088DE8F}
	EndGlobalSection
EndGlobal
